
Microsoft Visual Studio Solution File, Format Version 12.00
# Visual Studio Version 17
VisualStudioVersion = 17.5.33414.496
MinimumVisualStudioVersion = 10.0.40219.1
Project("{FAE04EC0-301F-11D3-BF4B-00C04F79EFBC}") = "Lab11TransactionsExcelSQL", "Lab11TransactionsExcelSQL\Lab11TransactionsExcelSQL.csproj", "{F000D16F-B892-403A-971C-EF1C050BE4A6}"
EndProject
Project("{FAE04EC0-301F-11D3-BF4B-00C04F79EFBC}") = "Practice", "Practice\Practice.csproj", "{49E343F2-A4DE-4AEC-9656-0A1AAA531CD5}"
EndProject
Global
	GlobalSection(SolutionConfigurationPlatforms) = preSolution
		Debug|Any CPU = Debug|Any CPU
		Release|Any CPU = Release|Any CPU
	EndGlobalSection
	GlobalSection(ProjectConfigurationPlatforms) = postSolution
		{F000D16F-B892-403A-971C-EF1C050BE4A6}.Debug|Any CPU.ActiveCfg = Debug|Any CPU
		{F000D16F-B892-403A-971C-EF1C050BE4A6}.Debug|Any CPU.Build.0 = Debug|Any CPU
		{F000D16F-B892-403A-971C-EF1C050BE4A6}.Release|Any CPU.ActiveCfg = Release|Any CPU
		{F000D16F-B892-403A-971C-EF1C050BE4A6}.Release|Any CPU.Build.0 = Release|Any CPU
		{49E343F2-A4DE-4AEC-9656-0A1AAA531CD5}.Debug|Any CPU.ActiveCfg = Debug|Any CPU
		{49E343F2-A4DE-4AEC-9656-0A1AAA531CD5}.Debug|Any CPU.Build.0 = Debug|Any CPU
		{49E343F2-A4DE-4AEC-9656-0A1AAA531CD5}.Release|Any CPU.ActiveCfg = Release|Any CPU
		{49E343F2-A4DE-4AEC-9656-0A1AAA531CD5}.Release|Any CPU.Build.0 = Release|Any CPU
	EndGlobalSection
	GlobalSection(SolutionProperties) = preSolution
		HideSolutionNode = FALSE
	EndGlobalSection
	GlobalSection(ExtensibilityGlobals) = postSolution
		SolutionGuid = {7534A169-4CC8-48F7-8B6E-6F1B9CB661F1}
	EndGlobalSection
EndGlobal
